{
  "version": 4,
  "terraform_version": "1.6.6",
  "serial": 16,
  "lineage": "f9c2c840-395d-d09e-1572-6b6728d8ed02",
  "outputs": {},
  "resources": [
    {
      "mode": "data",
      "type": "template_file",
      "name": "user_data",
      "provider": "provider[\"registry.terraform.io/hashicorp/template\"]",
      "instances": [
        {
          "schema_version": 0,
          "attributes": {
            "filename": null,
            "id": "40d040086ffb5063b279123882de63f841f2f6716dcaaf81b046e7fd8e2ba56c",
            "rendered": "#!/bin/bash\n# variable will be populated by terraform template\ndb_username=admin\ndb_user_password=Password123\ndb_name=wordpressdb\ndb_RDS=wordpressdb.cxqpi0ryosd7.us-east-1.rds.amazonaws.com:3306\n# install LAMP Server\nyum update -y\n#install apache server and mysql client\nyum install -y httpd\nyum install -y mysql\n\n# First enable php7.xx from amazon-linux-extra and install it\namazon-linux-extras enable php7.4\nyum clean metadata\nyum install -y php php-{pear,cgi,common,curl,mbstring,gd,mysqlnd,gettext,bcmath,json,xml,fpm,intl,zip,imap,devel}\n\n# Install imagick extension\nyum -y install gcc ImageMagick ImageMagick-devel ImageMagick-perl\npecl install imagick\nchmod 755 /usr/lib64/php/modules/imagick.so\ncat \u003c\u003cEOF \u003e\u003e/etc/php.d/20-imagick.ini\n\nextension=imagick\n\nEOF\n\nsystemctl restart php-fpm.service\n\nsystemctl start httpd\n\n# Change OWNER and permission of directory /var/www\nusermod -a -G apache ec2-user\nchown -R ec2-user:apache /var/www\nfind /var/www -type d -exec chmod 2775 {} \\;\nfind /var/www -type f -exec chmod 0664 {} \\;\n\nsudo yum -y install mariadb-server\nsudo service mariadb start\n\n# Installing Wordpress using WP CLI\ncurl -O https://raw.githubusercontent.com/wp-cli/builds/gh-pages/phar/wp-cli.phar\nchmod +x wp-cli.phar\nmv wp-cli.phar /usr/local/bin/wp\nwp core download --path=/var/www/html --allow-root\nwp config create --dbname=$db_name --dbuser=$db_username --dbpass=$db_user_password --dbhost=$db_RDS --path=/var/www/html --allow-root --extra-php \u003c\u003cPHP\ndefine( 'FS_METHOD', 'direct' );\ndefine('WP_MEMORY_LIMIT', '128M');\nPHP\n\n# Change permission of /var/www/html/\nchown -R ec2-user:apache /var/www/html\nchmod -R 774 /var/www/html\n\n# Enable .htaccess files in Apache config using sed command\nsed -i '/\u003cDirectory \"\\/var\\/www\\/html\"\u003e/,/\u003c\\/Directory\u003e/ s/AllowOverride None/AllowOverride all/' /etc/httpd/conf/httpd.conf\n\n# Make Apache autostart and restart Apache\nsystemctl enable httpd.service\nsystemctl restart httpd.service\necho WordPress Installed\n",
            "template": "#!/bin/bash\n# variable will be populated by terraform template\ndb_username=${db_username}\ndb_user_password=${db_user_password}\ndb_name=${db_name}\ndb_RDS=${db_RDS}\n# install LAMP Server\nyum update -y\n#install apache server and mysql client\nyum install -y httpd\nyum install -y mysql\n\n# First enable php7.xx from amazon-linux-extra and install it\namazon-linux-extras enable php7.4\nyum clean metadata\nyum install -y php php-{pear,cgi,common,curl,mbstring,gd,mysqlnd,gettext,bcmath,json,xml,fpm,intl,zip,imap,devel}\n\n# Install imagick extension\nyum -y install gcc ImageMagick ImageMagick-devel ImageMagick-perl\npecl install imagick\nchmod 755 /usr/lib64/php/modules/imagick.so\ncat \u003c\u003cEOF \u003e\u003e/etc/php.d/20-imagick.ini\n\nextension=imagick\n\nEOF\n\nsystemctl restart php-fpm.service\n\nsystemctl start httpd\n\n# Change OWNER and permission of directory /var/www\nusermod -a -G apache ec2-user\nchown -R ec2-user:apache /var/www\nfind /var/www -type d -exec chmod 2775 {} \\;\nfind /var/www -type f -exec chmod 0664 {} \\;\n\nsudo yum -y install mariadb-server\nsudo service mariadb start\n\n# Installing Wordpress using WP CLI\ncurl -O https://raw.githubusercontent.com/wp-cli/builds/gh-pages/phar/wp-cli.phar\nchmod +x wp-cli.phar\nmv wp-cli.phar /usr/local/bin/wp\nwp core download --path=/var/www/html --allow-root\nwp config create --dbname=$db_name --dbuser=$db_username --dbpass=$db_user_password --dbhost=$db_RDS --path=/var/www/html --allow-root --extra-php \u003c\u003cPHP\ndefine( 'FS_METHOD', 'direct' );\ndefine('WP_MEMORY_LIMIT', '128M');\nPHP\n\n# Change permission of /var/www/html/\nchown -R ec2-user:apache /var/www/html\nchmod -R 774 /var/www/html\n\n# Enable .htaccess files in Apache config using sed command\nsed -i '/\u003cDirectory \"\\/var\\/www\\/html\"\u003e/,/\u003c\\/Directory\u003e/ s/AllowOverride None/AllowOverride all/' /etc/httpd/conf/httpd.conf\n\n# Make Apache autostart and restart Apache\nsystemctl enable httpd.service\nsystemctl restart httpd.service\necho WordPress Installed\n",
            "vars": {
              "db_RDS": "wordpressdb.cxqpi0ryosd7.us-east-1.rds.amazonaws.com:3306",
              "db_name": "wordpressdb",
              "db_user_password": "Password123",
              "db_username": "admin"
            }
          },
          "sensitive_attributes": []
        }
      ]
    },
    {
      "mode": "managed",
      "type": "aws_db_instance",
      "name": "wordpressdb",
      "provider": "provider[\"registry.terraform.io/hashicorp/aws\"]",
      "instances": [
        {
          "schema_version": 2,
          "attributes": {
            "address": "wordpressdb.cxqpi0ryosd7.us-east-1.rds.amazonaws.com",
            "allocated_storage": 20,
            "allow_major_version_upgrade": null,
            "apply_immediately": false,
            "arn": "arn:aws:rds:us-east-1:699970018815:db:wordpressdb",
            "auto_minor_version_upgrade": true,
            "availability_zone": "us-east-1b",
            "backup_retention_period": 0,
            "backup_target": "region",
            "backup_window": "06:21-06:51",
            "blue_green_update": [],
            "ca_cert_identifier": "rds-ca-2019",
            "character_set_name": "",
            "copy_tags_to_snapshot": false,
            "custom_iam_instance_profile": "",
            "customer_owned_ip_enabled": false,
            "db_name": "",
            "db_subnet_group_name": "rds_subnet_group",
            "delete_automated_backups": true,
            "deletion_protection": false,
            "domain": "",
            "domain_iam_role_name": "",
            "enabled_cloudwatch_logs_exports": [],
            "endpoint": "wordpressdb.cxqpi0ryosd7.us-east-1.rds.amazonaws.com:3306",
            "engine": "mysql",
            "engine_version": "8.0",
            "engine_version_actual": "8.0.35",
            "final_snapshot_identifier": null,
            "hosted_zone_id": "Z2R2ITUGPM61AM",
            "iam_database_authentication_enabled": false,
            "id": "db-KPXFO7UNYPOX37YEZXJ4YWMJQ4",
            "identifier": "wordpressdb",
            "identifier_prefix": "",
            "instance_class": "db.t2.micro",
            "iops": 0,
            "kms_key_id": "",
            "latest_restorable_time": "",
            "license_model": "general-public-license",
            "listener_endpoint": [],
            "maintenance_window": "sun:09:32-sun:10:02",
            "manage_master_user_password": null,
            "master_user_secret": [],
            "master_user_secret_kms_key_id": null,
            "max_allocated_storage": 0,
            "monitoring_interval": 0,
            "monitoring_role_arn": "",
            "multi_az": false,
            "nchar_character_set_name": "",
            "network_type": "IPV4",
            "option_group_name": "default:mysql-8-0",
            "parameter_group_name": "default.mysql8.0",
            "password": "Password123",
            "performance_insights_enabled": false,
            "performance_insights_kms_key_id": "",
            "performance_insights_retention_period": 0,
            "port": 3306,
            "publicly_accessible": false,
            "replica_mode": "",
            "replicas": [],
            "replicate_source_db": "",
            "resource_id": "db-KPXFO7UNYPOX37YEZXJ4YWMJQ4",
            "restore_to_point_in_time": [],
            "s3_import": [],
            "skip_final_snapshot": true,
            "snapshot_identifier": null,
            "status": "available",
            "storage_encrypted": false,
            "storage_throughput": 0,
            "storage_type": "gp2",
            "tags": {},
            "tags_all": {},
            "timeouts": null,
            "timezone": "",
            "username": "admin",
            "vpc_security_group_ids": [
              "sg-04580d5eef6fa8edc"
            ]
          },
          "sensitive_attributes": [],
          "private": "eyJlMmJmYjczMC1lY2FhLTExZTYtOGY4OC0zNDM2M2JjN2M0YzAiOnsiY3JlYXRlIjoyNDAwMDAwMDAwMDAwLCJkZWxldGUiOjM2MDAwMDAwMDAwMDAsInVwZGF0ZSI6NDgwMDAwMDAwMDAwMH0sInNjaGVtYV92ZXJzaW9uIjoiMiJ9",
          "dependencies": [
            "aws_db_subnet_group.wordpressdb_subnet_group",
            "aws_security_group.ec2_sg",
            "aws_security_group.rds_sg"
          ]
        }
      ]
    },
    {
      "mode": "managed",
      "type": "aws_db_subnet_group",
      "name": "wordpressdb_subnet_group",
      "provider": "provider[\"registry.terraform.io/hashicorp/aws\"]",
      "instances": [
        {
          "schema_version": 0,
          "attributes": {
            "arn": "arn:aws:rds:us-east-1:699970018815:subgrp:rds_subnet_group",
            "description": "Managed by Terraform",
            "id": "rds_subnet_group",
            "name": "rds_subnet_group",
            "name_prefix": "",
            "subnet_ids": [
              "subnet-0b742bc01cb30e5dd",
              "subnet-0ce0e197b25be6b26"
            ],
            "supported_network_types": [
              "IPV4"
            ],
            "tags": {},
            "tags_all": {},
            "vpc_id": "vpc-0290179c45627d575"
          },
          "sensitive_attributes": [],
          "private": "bnVsbA=="
        }
      ]
    },
    {
      "mode": "managed",
      "type": "aws_security_group",
      "name": "ec2_sg",
      "provider": "provider[\"registry.terraform.io/hashicorp/aws\"]",
      "instances": [
        {
          "schema_version": 1,
          "attributes": {
            "arn": "arn:aws:ec2:us-east-1:699970018815:security-group/sg-0841c4d1f0ff70f7e",
            "description": "Managed by Terraform",
            "egress": [],
            "id": "sg-0841c4d1f0ff70f7e",
            "ingress": [
              {
                "cidr_blocks": [
                  "0.0.0.0/0"
                ],
                "description": "",
                "from_port": 22,
                "ipv6_cidr_blocks": [],
                "prefix_list_ids": [],
                "protocol": "tcp",
                "security_groups": [],
                "self": false,
                "to_port": 22
              }
            ],
            "name": "terraform-20231230005451135800000001",
            "name_prefix": "terraform-",
            "owner_id": "699970018815",
            "revoke_rules_on_delete": false,
            "tags": {},
            "tags_all": {},
            "timeouts": null,
            "vpc_id": "vpc-0290179c45627d575"
          },
          "sensitive_attributes": [],
          "private": "eyJlMmJmYjczMC1lY2FhLTExZTYtOGY4OC0zNDM2M2JjN2M0YzAiOnsiY3JlYXRlIjo2MDAwMDAwMDAwMDAsImRlbGV0ZSI6OTAwMDAwMDAwMDAwfSwic2NoZW1hX3ZlcnNpb24iOiIxIn0="
        }
      ]
    },
    {
      "mode": "managed",
      "type": "aws_security_group",
      "name": "rds_sg",
      "provider": "provider[\"registry.terraform.io/hashicorp/aws\"]",
      "instances": [
        {
          "schema_version": 1,
          "attributes": {
            "arn": "arn:aws:ec2:us-east-1:699970018815:security-group/sg-04580d5eef6fa8edc",
            "description": "Managed by Terraform",
            "egress": [],
            "id": "sg-04580d5eef6fa8edc",
            "ingress": [
              {
                "cidr_blocks": [],
                "description": "",
                "from_port": 3306,
                "ipv6_cidr_blocks": [],
                "prefix_list_ids": [],
                "protocol": "tcp",
                "security_groups": [
                  "sg-0841c4d1f0ff70f7e"
                ],
                "self": false,
                "to_port": 3306
              }
            ],
            "name": "wordpress-db-20231230005453262500000002",
            "name_prefix": "wordpress-db-",
            "owner_id": "699970018815",
            "revoke_rules_on_delete": false,
            "tags": {},
            "tags_all": {},
            "timeouts": null,
            "vpc_id": "vpc-0290179c45627d575"
          },
          "sensitive_attributes": [],
          "private": "eyJlMmJmYjczMC1lY2FhLTExZTYtOGY4OC0zNDM2M2JjN2M0YzAiOnsiY3JlYXRlIjo2MDAwMDAwMDAwMDAsImRlbGV0ZSI6OTAwMDAwMDAwMDAwfSwic2NoZW1hX3ZlcnNpb24iOiIxIn0=",
          "dependencies": [
            "aws_security_group.ec2_sg"
          ]
        }
      ]
    }
  ],
  "check_results": null
}
